
Microsoft Visual Studio Solution File, Format Version 12.00
# Visual Studio Version 17
VisualStudioVersion = 17.8.34511.84
MinimumVisualStudioVersion = 10.0.40219.1
Project("{FAE04EC0-301F-11D3-BF4B-00C04F79EFBC}") = "DBWinFormCRUDProject", "DBWinFormCRUDProject\DBWinFormCRUDProject.csproj", "{F65B5ECB-5316-4EC3-8396-9C69604641AD}"
EndProject
Global
	GlobalSection(SolutionConfigurationPlatforms) = preSolution
		Debug|Any CPU = Debug|Any CPU
		Release|Any CPU = Release|Any CPU
	EndGlobalSection
	GlobalSection(ProjectConfigurationPlatforms) = postSolution
		{F65B5ECB-5316-4EC3-8396-9C69604641AD}.Debug|Any CPU.ActiveCfg = Debug|Any CPU
		{F65B5ECB-5316-4EC3-8396-9C69604641AD}.Debug|Any CPU.Build.0 = Debug|Any CPU
		{F65B5ECB-5316-4EC3-8396-9C69604641AD}.Release|Any CPU.ActiveCfg = Release|Any CPU
		{F65B5ECB-5316-4EC3-8396-9C69604641AD}.Release|Any CPU.Build.0 = Release|Any CPU
	EndGlobalSection
	GlobalSection(SolutionProperties) = preSolution
		HideSolutionNode = FALSE
	EndGlobalSection
	GlobalSection(ExtensibilityGlobals) = postSolution
		SolutionGuid = {6D7188EE-4DD8-4DFE-A5B9-3125719CD892}
	EndGlobalSection
EndGlobal
